
Microsoft Visual Studio Solution File, Format Version 12.00
# Visual Studio Version 17
VisualStudioVersion = 17.4.33122.133
MinimumVisualStudioVersion = 10.0.40219.1
Project("{FAE04EC0-301F-11D3-BF4B-00C04F79EFBC}") = "OOP.ConsoleExample", "OOP.ConsoleExample\OOP.ConsoleExample.csproj", "{3D6DA8BF-B0D1-479D-9F53-4BC376A73476}"
EndProject
Project("{FAE04EC0-301F-11D3-BF4B-00C04F79EFBC}") = "AudioManager", "AudioManager\AudioManager.csproj", "{7DC1FE0A-FE55-45EE-A889-F4783FD53B89}"
EndProject
Global
	GlobalSection(SolutionConfigurationPlatforms) = preSolution
		Debug|Any CPU = Debug|Any CPU
		Release|Any CPU = Release|Any CPU
	EndGlobalSection
	GlobalSection(ProjectConfigurationPlatforms) = postSolution
		{3D6DA8BF-B0D1-479D-9F53-4BC376A73476}.Debug|Any CPU.ActiveCfg = Debug|Any CPU
		{3D6DA8BF-B0D1-479D-9F53-4BC376A73476}.Debug|Any CPU.Build.0 = Debug|Any CPU
		{3D6DA8BF-B0D1-479D-9F53-4BC376A73476}.Release|Any CPU.ActiveCfg = Release|Any CPU
		{3D6DA8BF-B0D1-479D-9F53-4BC376A73476}.Release|Any CPU.Build.0 = Release|Any CPU
		{7DC1FE0A-FE55-45EE-A889-F4783FD53B89}.Debug|Any CPU.ActiveCfg = Debug|Any CPU
		{7DC1FE0A-FE55-45EE-A889-F4783FD53B89}.Debug|Any CPU.Build.0 = Debug|Any CPU
		{7DC1FE0A-FE55-45EE-A889-F4783FD53B89}.Release|Any CPU.ActiveCfg = Release|Any CPU
		{7DC1FE0A-FE55-45EE-A889-F4783FD53B89}.Release|Any CPU.Build.0 = Release|Any CPU
	EndGlobalSection
	GlobalSection(SolutionProperties) = preSolution
		HideSolutionNode = FALSE
	EndGlobalSection
	GlobalSection(ExtensibilityGlobals) = postSolution
		SolutionGuid = {7ADCB574-5918-4FE3-A1F1-A501641A6E8A}
	EndGlobalSection
EndGlobal
