
Microsoft Visual Studio Solution File, Format Version 12.00
# Visual Studio Version 17
VisualStudioVersion = 17.4.33122.133
MinimumVisualStudioVersion = 10.0.40219.1
Project("{FAE04EC0-301F-11D3-BF4B-00C04F79EFBC}") = "Ejercicio_1_OOP", "Ejercicio_1_OOP\Ejercicio_1_OOP.csproj", "{82FBDB78-0DEB-4EB9-9991-52626721524B}"
EndProject
Project("{FAE04EC0-301F-11D3-BF4B-00C04F79EFBC}") = "AudioManager", "Transport\AudioManager.csproj", "{5A6E8EB8-35C4-41C2-80A0-26039210645F}"
EndProject
Global
	GlobalSection(SolutionConfigurationPlatforms) = preSolution
		Debug|Any CPU = Debug|Any CPU
		Release|Any CPU = Release|Any CPU
	EndGlobalSection
	GlobalSection(ProjectConfigurationPlatforms) = postSolution
		{82FBDB78-0DEB-4EB9-9991-52626721524B}.Debug|Any CPU.ActiveCfg = Debug|Any CPU
		{82FBDB78-0DEB-4EB9-9991-52626721524B}.Debug|Any CPU.Build.0 = Debug|Any CPU
		{82FBDB78-0DEB-4EB9-9991-52626721524B}.Release|Any CPU.ActiveCfg = Release|Any CPU
		{82FBDB78-0DEB-4EB9-9991-52626721524B}.Release|Any CPU.Build.0 = Release|Any CPU
		{5A6E8EB8-35C4-41C2-80A0-26039210645F}.Debug|Any CPU.ActiveCfg = Debug|Any CPU
		{5A6E8EB8-35C4-41C2-80A0-26039210645F}.Debug|Any CPU.Build.0 = Debug|Any CPU
		{5A6E8EB8-35C4-41C2-80A0-26039210645F}.Release|Any CPU.ActiveCfg = Release|Any CPU
		{5A6E8EB8-35C4-41C2-80A0-26039210645F}.Release|Any CPU.Build.0 = Release|Any CPU
	EndGlobalSection
	GlobalSection(SolutionProperties) = preSolution
		HideSolutionNode = FALSE
	EndGlobalSection
	GlobalSection(ExtensibilityGlobals) = postSolution
		SolutionGuid = {52F8F56D-D237-4163-B3CA-A0CF369510DF}
	EndGlobalSection
EndGlobal
